
Microsoft Visual Studio Solution File, Format Version 12.00
# Visual Studio Version 16
VisualStudioVersion = 16.0.31410.357
MinimumVisualStudioVersion = 10.0.40219.1
Project("{9A19103F-16F7-4668-BE54-9A1E7A4F7556}") = "VemDeZap", "VemDeZap\VemDeZap.csproj", "{D473002F-C5D8-4A9C-811F-29E5135307F7}"
EndProject
Project("{FAE04EC0-301F-11D3-BF4B-00C04F79EFBC}") = "VemDeZap.Domain", "VemDeZap.Domain\VemDeZap.Domain.csproj", "{3E45DFD3-BA95-494A-B4EC-CC30ADF8DA43}"
EndProject
Global
	GlobalSection(SolutionConfigurationPlatforms) = preSolution
		Debug|Any CPU = Debug|Any CPU
		Release|Any CPU = Release|Any CPU
	EndGlobalSection
	GlobalSection(ProjectConfigurationPlatforms) = postSolution
		{D473002F-C5D8-4A9C-811F-29E5135307F7}.Debug|Any CPU.ActiveCfg = Debug|Any CPU
		{D473002F-C5D8-4A9C-811F-29E5135307F7}.Debug|Any CPU.Build.0 = Debug|Any CPU
		{D473002F-C5D8-4A9C-811F-29E5135307F7}.Release|Any CPU.ActiveCfg = Release|Any CPU
		{D473002F-C5D8-4A9C-811F-29E5135307F7}.Release|Any CPU.Build.0 = Release|Any CPU
		{3E45DFD3-BA95-494A-B4EC-CC30ADF8DA43}.Debug|Any CPU.ActiveCfg = Debug|Any CPU
		{3E45DFD3-BA95-494A-B4EC-CC30ADF8DA43}.Debug|Any CPU.Build.0 = Debug|Any CPU
		{3E45DFD3-BA95-494A-B4EC-CC30ADF8DA43}.Release|Any CPU.ActiveCfg = Release|Any CPU
		{3E45DFD3-BA95-494A-B4EC-CC30ADF8DA43}.Release|Any CPU.Build.0 = Release|Any CPU
	EndGlobalSection
	GlobalSection(SolutionProperties) = preSolution
		HideSolutionNode = FALSE
	EndGlobalSection
	GlobalSection(ExtensibilityGlobals) = postSolution
		SolutionGuid = {2B203407-BA0B-43A7-A2EE-F7C23878D503}
	EndGlobalSection
EndGlobal
